
Microsoft Visual Studio Solution File, Format Version 12.00
# Visual Studio 15
VisualStudioVersion = 15.0.27004.2002
MinimumVisualStudioVersion = 10.0.40219.1
Project("{FAE04EC0-301F-11D3-BF4B-00C04F79EFBC}") = "Interface_in_c_sharp", "Interface_in_c_sharp\Interface_in_c_sharp.csproj", "{037FD7DE-A22F-4CE4-B33C-82A87969467D}"
EndProject
Global
	GlobalSection(SolutionConfigurationPlatforms) = preSolution
		Debug|Any CPU = Debug|Any CPU
		Release|Any CPU = Release|Any CPU
	EndGlobalSection
	GlobalSection(ProjectConfigurationPlatforms) = postSolution
		{037FD7DE-A22F-4CE4-B33C-82A87969467D}.Debug|Any CPU.ActiveCfg = Debug|Any CPU
		{037FD7DE-A22F-4CE4-B33C-82A87969467D}.Debug|Any CPU.Build.0 = Debug|Any CPU
		{037FD7DE-A22F-4CE4-B33C-82A87969467D}.Release|Any CPU.ActiveCfg = Release|Any CPU
		{037FD7DE-A22F-4CE4-B33C-82A87969467D}.Release|Any CPU.Build.0 = Release|Any CPU
	EndGlobalSection
	GlobalSection(SolutionProperties) = preSolution
		HideSolutionNode = FALSE
	EndGlobalSection
	GlobalSection(ExtensibilityGlobals) = postSolution
		SolutionGuid = {BEC3497A-1028-42BD-A371-4D84C8584D1D}
	EndGlobalSection
EndGlobal
