
Microsoft Visual Studio Solution File, Format Version 12.00
# Visual Studio 15
VisualStudioVersion = 15.0.27004.2010
MinimumVisualStudioVersion = 10.0.40219.1
Project("{FAE04EC0-301F-11D3-BF4B-00C04F79EFBC}") = "DatabaseFirst", "DatabaseFirst\DatabaseFirst.csproj", "{8ECAB4BB-C0F6-49F7-BEDF-257A389B43F9}"
EndProject
Global
	GlobalSection(SolutionConfigurationPlatforms) = preSolution
		Debug|Any CPU = Debug|Any CPU
		Release|Any CPU = Release|Any CPU
	EndGlobalSection
	GlobalSection(ProjectConfigurationPlatforms) = postSolution
		{8ECAB4BB-C0F6-49F7-BEDF-257A389B43F9}.Debug|Any CPU.ActiveCfg = Debug|Any CPU
		{8ECAB4BB-C0F6-49F7-BEDF-257A389B43F9}.Debug|Any CPU.Build.0 = Debug|Any CPU
		{8ECAB4BB-C0F6-49F7-BEDF-257A389B43F9}.Release|Any CPU.ActiveCfg = Release|Any CPU
		{8ECAB4BB-C0F6-49F7-BEDF-257A389B43F9}.Release|Any CPU.Build.0 = Release|Any CPU
	EndGlobalSection
	GlobalSection(SolutionProperties) = preSolution
		HideSolutionNode = FALSE
	EndGlobalSection
	GlobalSection(ExtensibilityGlobals) = postSolution
		SolutionGuid = {CD8CB050-EF3C-4ADE-B90E-0E581E242D9C}
	EndGlobalSection
EndGlobal
