
Microsoft Visual Studio Solution File, Format Version 12.00
# Visual Studio 15
VisualStudioVersion = 15.0.26730.16
MinimumVisualStudioVersion = 10.0.40219.1
Project("{9A19103F-16F7-4668-BE54-9A1E7A4F7556}") = "MEFF", "MEFF.csproj", "{B57EC0C1-0750-4D81-8CC9-887053A929E3}"
EndProject
Global
	GlobalSection(SolutionConfigurationPlatforms) = preSolution
		Debug|Any CPU = Debug|Any CPU
		Release|Any CPU = Release|Any CPU
	EndGlobalSection
	GlobalSection(ProjectConfigurationPlatforms) = postSolution
		{B57EC0C1-0750-4D81-8CC9-887053A929E3}.Debug|Any CPU.ActiveCfg = Debug|Any CPU
		{B57EC0C1-0750-4D81-8CC9-887053A929E3}.Debug|Any CPU.Build.0 = Debug|Any CPU
		{B57EC0C1-0750-4D81-8CC9-887053A929E3}.Release|Any CPU.ActiveCfg = Release|Any CPU
		{B57EC0C1-0750-4D81-8CC9-887053A929E3}.Release|Any CPU.Build.0 = Release|Any CPU
	EndGlobalSection
	GlobalSection(SolutionProperties) = preSolution
		HideSolutionNode = FALSE
	EndGlobalSection
	GlobalSection(ExtensibilityGlobals) = postSolution
		SolutionGuid = {EBD2DA9A-9225-4F6A-A093-8C68FD63AEC6}
	EndGlobalSection
EndGlobal
